// !$*UTF8*$!
{
	archiveVersion = 1;
	classes = {
	};
	objectVersion = 46;
	objects = {

/* Begin PBXBuildFile section */
		AE8A1C571DB5B39200F6459E /* AppDelegate.swift in Sources */ = {isa = PBXBuildFile; fileRef = AE8A1C561DB5B39200F6459E /* AppDelegate.swift */; };
		AE8A1C591DB5B39200F6459E /* ViewController.swift in Sources */ = {isa = PBXBuildFile; fileRef = AE8A1C581DB5B39200F6459E /* ViewController.swift */; };
		AE8A1C5C1DB5B39200F6459E /* Main.storyboard in Resources */ = {isa = PBXBuildFile; fileRef = AE8A1C5A1DB5B39200F6459E /* Main.storyboard */; };
		AE8A1C5E1DB5B39200F6459E /* Assets.xcassets in Resources */ = {isa = PBXBuildFile; fileRef = AE8A1C5D1DB5B39200F6459E /* Assets.xcassets */; };
		AE8A1C611DB5B39200F6459E /* LaunchScreen.storyboard in Resources */ = {isa = PBXBuildFile; fileRef = AE8A1C5F1DB5B39200F6459E /* LaunchScreen.storyboard */; };
		AE8A1C6C1DB5B39200F6459E /* TextOutputTestTests.swift in Sources */ = {isa = PBXBuildFile; fileRef = AE8A1C6B1DB5B39200F6459E /* TextOutputTestTests.swift */; };
		AE8A1C771DB5B39200F6459E /* TextOutputTestUITests.swift in Sources */ = {isa = PBXBuildFile; fileRef = AE8A1C761DB5B39200F6459E /* TextOutputTestUITests.swift */; };
/* End PBXBuildFile section */

/* Begin PBXContainerItemProxy section */
		AE8A1C681DB5B39200F6459E /* PBXContainerItemProxy */ = {
			isa = PBXContainerItemProxy;
			containerPortal = AE8A1C4B1DB5B39100F6459E /* Project object */;
			proxyType = 1;
			remoteGlobalIDString = AE8A1C521DB5B39100F6459E;
			remoteInfo = TextOutputTest;
		};
		AE8A1C731DB5B39200F6459E /* PBXContainerItemProxy */ = {
			isa = PBXContainerItemProxy;
			containerPortal = AE8A1C4B1DB5B39100F6459E /* Project object */;
			proxyType = 1;
			remoteGlobalIDString = AE8A1C521DB5B39100F6459E;
			remoteInfo = TextOutputTest;
		};
/* End PBXContainerItemProxy section */

/* Begin PBXFileReference section */
		AE8A1C531DB5B39200F6459E /* TextOutputTest.app */ = {isa = PBXFileReference; explicitFileType = wrapper.application; includeInIndex = 0; path = TextOutputTest.app; sourceTree = BUILT_PRODUCTS_DIR; };
		AE8A1C561DB5B39200F6459E /* AppDelegate.swift */ = {isa = PBXFileReference; lastKnownFileType = sourcecode.swift; path = AppDelegate.swift; sourceTree = "<group>"; };
		AE8A1C581DB5B39200F6459E /* ViewController.swift */ = {isa = PBXFileReference; lastKnownFileType = sourcecode.swift; path = ViewController.swift; sourceTree = "<group>"; };
		AE8A1C5B1DB5B39200F6459E /* Base */ = {isa = PBXFileReference; lastKnownFileType = file.storyboard; name = Base; path = Base.lproj/Main.storyboard; sourceTree = "<group>"; };
		AE8A1C5D1DB5B39200F6459E /* Assets.xcassets */ = {isa = PBXFileReference; lastKnownFileType = folder.assetcatalog; path = Assets.xcassets; sourceTree = "<group>"; };
		AE8A1C601DB5B39200F6459E /* Base */ = {isa = PBXFileReference; lastKnownFileType = file.storyboard; name = Base; path = Base.lproj/LaunchScreen.storyboard; sourceTree = "<group>"; };
		AE8A1C621DB5B39200F6459E /* Info.plist */ = {isa = PBXFileReference; lastKnownFileType = text.plist.xml; path = Info.plist; sourceTree = "<group>"; };
		AE8A1C671DB5B39200F6459E /* TextOutputTestTests.xctest */ = {isa = PBXFileReference; explicitFileType = wrapper.cfbundle; includeInIndex = 0; path = TextOutputTestTests.xctest; sourceTree = BUILT_PRODUCTS_DIR; };
		AE8A1C6B1DB5B39200F6459E /* TextOutputTestTests.swift */ = {isa = PBXFileReference; lastKnownFileType = sourcecode.swift; path = TextOutputTestTests.swift; sourceTree = "<group>"; };
		AE8A1C6D1DB5B39200F6459E /* Info.plist */ = {isa = PBXFileReference; lastKnownFileType = text.plist.xml; path = Info.plist; sourceTree = "<group>"; };
		AE8A1C721DB5B39200F6459E /* TextOutputTestUITests.xctest */ = {isa = PBXFileReference; explicitFileType = wrapper.cfbundle; includeInIndex = 0; path = TextOutputTestUITests.xctest; sourceTree = BUILT_PRODUCTS_DIR; };
		AE8A1C761DB5B39200F6459E /* TextOutputTestUITests.swift */ = {isa = PBXFileReference; lastKnownFileType = sourcecode.swift; path = TextOutputTestUITests.swift; sourceTree = "<group>"; };
		AE8A1C781DB5B39200F6459E /* Info.plist */ = {isa = PBXFileReference; lastKnownFileType = text.plist.xml; path = Info.plist; sourceTree = "<group>"; };
/* End PBXFileReference section */

/* Begin PBXFrameworksBuildPhase section */
		AE8A1C501DB5B39100F6459E /* Frameworks */ = {
			isa = PBXFrameworksBuildPhase;
			buildActionMask = 2147483647;
			files = (
			);
			runOnlyForDeploymentPostprocessing = 0;
		};
		AE8A1C641DB5B39200F6459E /* Frameworks */ = {
			isa = PBXFrameworksBuildPhase;
			buildActionMask = 2147483647;
			files = (
			);
			runOnlyForDeploymentPostprocessing = 0;
		};
		AE8A1C6F1DB5B39200F6459E /* Frameworks */ = {
			isa = PBXFrameworksBuildPhase;
			buildActionMask = 2147483647;
			files = (
			);
			runOnlyForDeploymentPostprocessing = 0;
		};
/* End PBXFrameworksBuildPhase section */

/* Begin PBXGroup section */
		AE8A1C4A1DB5B39100F6459E = {
			isa = PBXGroup;
			children = (
				AE8A1C551DB5B39200F6459E /* TextOutputTest */,
				AE8A1C6A1DB5B39200F6459E /* TextOutputTestTests */,
				AE8A1C751DB5B39200F6459E /* TextOutputTestUITests */,
				AE8A1C541DB5B39200F6459E /* Products */,
			);
			sourceTree = "<group>";
		};
		AE8A1C541DB5B39200F6459E /* Products */ = {
			isa = PBXGroup;
			children = (
				AE8A1C531DB5B39200F6459E /* TextOutputTest.app */,
				AE8A1C671DB5B39200F6459E /* TextOutputTestTests.xctest */,
				AE8A1C721DB5B39200F6459E /* TextOutputTestUITests.xctest */,
			);
			name = Products;
			sourceTree = "<group>";
		};
		AE8A1C551DB5B39200F6459E /* TextOutputTest */ = {
			isa = PBXGroup;
			children = (
				AE8A1C561DB5B39200F6459E /* AppDelegate.swift */,
				AE8A1C581DB5B39200F6459E /* ViewController.swift */,
				AE8A1C5A1DB5B39200F6459E /* Main.storyboard */,
				AE8A1C5D1DB5B39200F6459E /* Assets.xcassets */,
				AE8A1C5F1DB5B39200F6459E /* LaunchScreen.storyboard */,
				AE8A1C621DB5B39200F6459E /* Info.plist */,
			);
			path = TextOutputTest;
			sourceTree = "<group>";
		};
		AE8A1C6A1DB5B39200F6459E /* TextOutputTestTests */ = {
			isa = PBXGroup;
			children = (
				AE8A1C6B1DB5B39200F6459E /* TextOutputTestTests.swift */,
				AE8A1C6D1DB5B39200F6459E /* Info.plist */,
			);
			path = TextOutputTestTests;
			sourceTree = "<group>";
		};
		AE8A1C751DB5B39200F6459E /* TextOutputTestUITests */ = {
			isa = PBXGroup;
			children = (
				AE8A1C761DB5B39200F6459E /* TextOutputTestUITests.swift */,
				AE8A1C781DB5B39200F6459E /* Info.plist */,
			);
			path = TextOutputTestUITests;
			sourceTree = "<group>";
		};
/* End PBXGroup section */

/* Begin PBXNativeTarget section */
		AE8A1C521DB5B39100F6459E /* TextOutputTest */ = {
			isa = PBXNativeTarget;
			buildConfigurationList = AE8A1C7B1DB5B39200F6459E /* Build configuration list for PBXNativeTarget "TextOutputTest" */;
			buildPhases = (
				AE8A1C4F1DB5B39100F6459E /* Sources */,
				AE8A1C501DB5B39100F6459E /* Frameworks */,
				AE8A1C511DB5B39100F6459E /* Resources */,
			);
			buildRules = (
			);
			dependencies = (
			);
			name = TextOutputTest;
			productName = TextOutputTest;
			productReference = AE8A1C531DB5B39200F6459E /* TextOutputTest.app */;
			productType = "com.apple.product-type.application";
		};
		AE8A1C661DB5B39200F6459E /* TextOutputTestTests */ = {
			isa = PBXNativeTarget;
			buildConfigurationList = AE8A1C7E1DB5B39200F6459E /* Build configuration list for PBXNativeTarget "TextOutputTestTests" */;
			buildPhases = (
				AE8A1C631DB5B39200F6459E /* Sources */,
				AE8A1C641DB5B39200F6459E /* Frameworks */,
				AE8A1C651DB5B39200F6459E /* Resources */,
			);
			buildRules = (
			);
			dependencies = (
				AE8A1C691DB5B39200F6459E /* PBXTargetDependency */,
			);
			name = TextOutputTestTests;
			productName = TextOutputTestTests;
			productReference = AE8A1C671DB5B39200F6459E /* TextOutputTestTests.xctest */;
			productType = "com.apple.product-type.bundle.unit-test";
		};
		AE8A1C711DB5B39200F6459E /* TextOutputTestUITests */ = {
			isa = PBXNativeTarget;
			buildConfigurationList = AE8A1C811DB5B39200F6459E /* Build configuration list for PBXNativeTarget "TextOutputTestUITests" */;
			buildPhases = (
				AE8A1C6E1DB5B39200F6459E /* Sources */,
				AE8A1C6F1DB5B39200F6459E /* Frameworks */,
				AE8A1C701DB5B39200F6459E /* Resources */,
			);
			buildRules = (
			);
			dependencies = (
				AE8A1C741DB5B39200F6459E /* PBXTargetDependency */,
			);
			name = TextOutputTestUITests;
			productName = TextOutputTestUITests;
			productReference = AE8A1C721DB5B39200F6459E /* TextOutputTestUITests.xctest */;
			productType = "com.apple.product-type.bundle.ui-testing";
		};
/* End PBXNativeTarget section */

/* Begin PBXProject section */
		AE8A1C4B1DB5B39100F6459E /* Project object */ = {
			isa = PBXProject;
			attributes = {
				LastSwiftUpdateCheck = 0800;
				LastUpgradeCheck = 0800;
				ORGANIZATIONNAME = teacher;
				TargetAttributes = {
					AE8A1C521DB5B39100F6459E = {
						CreatedOnToolsVersion = 8.0;
						ProvisioningStyle = Automatic;
					};
					AE8A1C661DB5B39200F6459E = {
						CreatedOnToolsVersion = 8.0;
						ProvisioningStyle = Automatic;
						TestTargetID = AE8A1C521DB5B39100F6459E;
					};
					AE8A1C711DB5B39200F6459E = {
						CreatedOnToolsVersion = 8.0;
						ProvisioningStyle = Automatic;
						TestTargetID = AE8A1C521DB5B39100F6459E;
					};
				};
			};
			buildConfigurationList = AE8A1C4E1DB5B39100F6459E /* Build configuration list for PBXProject "TextOutputTest" */;
			compatibilityVersion = "Xcode 3.2";
			developmentRegion = English;
			hasScannedForEncodings = 0;
			knownRegions = (
				en,
				Base,
			);
			mainGroup = AE8A1C4A1DB5B39100F6459E;
			productRefGroup = AE8A1C541DB5B39200F6459E /* Products */;
			projectDirPath = "";
			projectRoot = "";
			targets = (
				AE8A1C521DB5B39100F6459E /* TextOutputTest */,
				AE8A1C661DB5B39200F6459E /* TextOutputTestTests */,
				AE8A1C711DB5B39200F6459E /* TextOutputTestUITests */,
			);
		};
/* End PBXProject section */

/* Begin PBXResourcesBuildPhase section */
		AE8A1C511DB5B39100F6459E /* Resources */ = {
			isa = PBXResourcesBuildPhase;
			buildActionMask = 2147483647;
			files = (
				AE8A1C611DB5B39200F6459E /* LaunchScreen.storyboard in Resources */,
				AE8A1C5E1DB5B39200F6459E /* Assets.xcassets in Resources */,
				AE8A1C5C1DB5B39200F6459E /* Main.storyboard in Resources */,
			);
			runOnlyForDeploymentPostprocessing = 0;
		};
		AE8A1C651DB5B39200F6459E /* Resources */ = {
			isa = PBXResourcesBuildPhase;
			buildActionMask = 2147483647;
			files = (
			);
			runOnlyForDeploymentPostprocessing = 0;
		};
		AE8A1C701DB5B39200F6459E /* Resources */ = {
			isa = PBXResourcesBuildPhase;
			buildActionMask = 2147483647;
			files = (
			);
			runOnlyForDeploymentPostprocessing = 0;
		};
/* End PBXResourcesBuildPhase section */

/* Begin PBXSourcesBuildPhase section */
		AE8A1C4F1DB5B39100F6459E /* Sources */ = {
			isa = PBXSourcesBuildPhase;
			buildActionMask = 2147483647;
			files = (
				AE8A1C591DB5B39200F6459E /* ViewController.swift in Sources */,
				AE8A1C571DB5B39200F6459E /* AppDelegate.swift in Sources */,
			);
			runOnlyForDeploymentPostprocessing = 0;
		};
		AE8A1C631DB5B39200F6459E /* Sources */ = {
			isa = PBXSourcesBuildPhase;
			buildActionMask = 2147483647;
			files = (
				AE8A1C6C1DB5B39200F6459E /* TextOutputTestTests.swift in Sources */,
			);
			runOnlyForDeploymentPostprocessing = 0;
		};
		AE8A1C6E1DB5B39200F6459E /* Sources */ = {
			isa = PBXSourcesBuildPhase;
			buildActionMask = 2147483647;
			files = (
				AE8A1C771DB5B39200F6459E /* TextOutputTestUITests.swift in Sources */,
			);
			runOnlyForDeploymentPostprocessing = 0;
		};
/* End PBXSourcesBuildPhase section */

/* Begin PBXTargetDependency section */
		AE8A1C691DB5B39200F6459E /* PBXTargetDependency */ = {
			isa = PBXTargetDependency;
			target = AE8A1C521DB5B39100F6459E /* TextOutputTest */;
			targetProxy = AE8A1C681DB5B39200F6459E /* PBXContainerItemProxy */;
		};
		AE8A1C741DB5B39200F6459E /* PBXTargetDependency */ = {
			isa = PBXTargetDependency;
			target = AE8A1C521DB5B39100F6459E /* TextOutputTest */;
			targetProxy = AE8A1C731DB5B39200F6459E /* PBXContainerItemProxy */;
		};
/* End PBXTargetDependency section */

/* Begin PBXVariantGroup section */
		AE8A1C5A1DB5B39200F6459E /* Main.storyboard */ = {
			isa = PBXVariantGroup;
			children = (
				AE8A1C5B1DB5B39200F6459E /* Base */,
			);
			name = Main.storyboard;
			sourceTree = "<group>";
		};
		AE8A1C5F1DB5B39200F6459E /* LaunchScreen.storyboard */ = {
			isa = PBXVariantGroup;
			children = (
				AE8A1C601DB5B39200F6459E /* Base */,
			);
			name = LaunchScreen.storyboard;
			sourceTree = "<group>";
		};
/* End PBXVariantGroup section */

/* Begin XCBuildConfiguration section */
		AE8A1C791DB5B39200F6459E /* Debug */ = {
			isa = XCBuildConfiguration;
			buildSettings = {
				ALWAYS_SEARCH_USER_PATHS = NO;
				CLANG_ANALYZER_NONNULL = YES;
				CLANG_CXX_LANGUAGE_STANDARD = "gnu++0x";
				CLANG_CXX_LIBRARY = "libc++";
				CLANG_ENABLE_MODULES = YES;
				CLANG_ENABLE_OBJC_ARC = YES;
				CLANG_WARN_BOOL_CONVERSION = YES;
				CLANG_WARN_CONSTANT_CONVERSION = YES;
				CLANG_WARN_DIRECT_OBJC_ISA_USAGE = YES_ERROR;
				CLANG_WARN_DOCUMENTATION_COMMENTS = YES;
				CLANG_WARN_EMPTY_BODY = YES;
				CLANG_WARN_ENUM_CONVERSION = YES;
				CLANG_WARN_INFINITE_RECURSION = YES;
				CLANG_WARN_INT_CONVERSION = YES;
				CLANG_WARN_OBJC_ROOT_CLASS = YES_ERROR;
				CLANG_WARN_SUSPICIOUS_MOVES = YES;
				CLANG_WARN_UNREACHABLE_CODE = YES;
				CLANG_WARN__DUPLICATE_METHOD_MATCH = YES;
				"CODE_SIGN_IDENTITY[sdk=iphoneos*]" = "iPhone Developer";
				COPY_PHASE_STRIP = NO;
				DEBUG_INFORMATION_FORMAT = dwarf;
				ENABLE_STRICT_OBJC_MSGSEND = YES;
				ENABLE_TESTABILITY = YES;
				GCC_C_LANGUAGE_STANDARD = gnu99;
				GCC_DYNAMIC_NO_PIC = NO;
				GCC_NO_COMMON_BLOCKS = YES;
				GCC_OPTIMIZATION_LEVEL = 0;
				GCC_PREPROCESSOR_DEFINITIONS = (
					"DEBUG=1",
					"$(inherited)",
				);
				GCC_WARN_64_TO_32_BIT_CONVERSION = YES;
				GCC_WARN_ABOUT_RETURN_TYPE = YES_ERROR;
				GCC_WARN_UNDECLARED_SELECTOR = YES;
				GCC_WARN_UNINITIALIZED_AUTOS = YES_AGGRESSIVE;
				GCC_WARN_UNUSED_FUNCTION = YES;
				GCC_WARN_UNUSED_VARIABLE = YES;
				IPHONEOS_DEPLOYMENT_TARGET = 10.0;
				MTL_ENABLE_DEBUG_INFO = YES;
				ONLY_ACTIVE_ARCH = YES;
				SDKROOT = iphoneos;
				SWIFT_ACTIVE_COMPILATION_CONDITIONS = DEBUG;
				SWIFT_OPTIMIZATION_LEVEL = "-Onone";
			};
			name = Debug;
		};
		AE8A1C7A1DB5B39200F6459E /* Release */ = {
			isa = XCBuildConfiguration;
			buildSettings = {
				ALWAYS_SEARCH_USER_PATHS = NO;
				CLANG_ANALYZER_NONNULL = YES;
				CLANG_CXX_LANGUAGE_STANDARD = "gnu++0x";
				CLANG_CXX_LIBRARY = "libc++";
				CLANG_ENABLE_MODULES = YES;
				CLANG_ENABLE_OBJC_ARC = YES;
				CLANG_WARN_BOOL_CONVERSION = YES;
				CLANG_WARN_CONSTANT_CONVERSION = YES;
				CLANG_WARN_DIRECT_OBJC_ISA_USAGE = YES_ERROR;
				CLANG_WARN_DOCUMENTATION_COMMENTS = YES;
				CLANG_WARN_EMPTY_BODY = YES;
				CLANG_WARN_ENUM_CONVERSION = YES;
				CLANG_WARN_INFINITE_RECURSION = YES;
				CLANG_WARN_INT_CONVERSION = YES;
				CLANG_WARN_OBJC_ROOT_CLASS = YES_ERROR;
				CLANG_WARN_SUSPICIOUS_MOVES = YES;
				CLANG_WARN_UNREACHABLE_CODE = YES;
				CLANG_WARN__DUPLICATE_METHOD_MATCH = YES;
				"CODE_SIGN_IDENTITY[sdk=iphoneos*]" = "iPhone Developer";
				COPY_PHASE_STRIP = NO;
				DEBUG_INFORMATION_FORMAT = "dwarf-with-dsym";
				ENABLE_NS_ASSERTIONS = NO;
				ENABLE_STRICT_OBJC_MSGSEND = YES;
				GCC_C_LANGUAGE_STANDARD = gnu99;
				GCC_NO_COMMON_BLOCKS = YES;
				GCC_WARN_64_TO_32_BIT_CONVERSION = YES;
				GCC_WARN_ABOUT_RETURN_TYPE = YES_ERROR;
				GCC_WARN_UNDECLARED_SELECTOR = YES;
				GCC_WARN_UNINITIALIZED_AUTOS = YES_AGGRESSIVE;
				GCC_WARN_UNUSED_FUNCTION = YES;
				GCC_WARN_UNUSED_VARIABLE = YES;
				IPHONEOS_DEPLOYMENT_TARGET = 10.0;
				MTL_ENABLE_DEBUG_INFO = NO;
				SDKROOT = iphoneos;
				SWIFT_OPTIMIZATION_LEVEL = "-Owholemodule";
				VALIDATE_PRODUCT = YES;
			};
			name = Release;
		};
		AE8A1C7C1DB5B39200F6459E /* Debug */ = {
			isa = XCBuildConfiguration;
			buildSettings = {
				ASSETCATALOG_COMPILER_APPICON_NAME = AppIcon;
				INFOPLIST_FILE = TextOutputTest/Info.plist;
				LD_RUNPATH_SEARCH_PATHS = "$(inherited) @executable_path/Frameworks";
				PRODUCT_BUNDLE_IDENTIFIER = J4.TextOutputTest;
				PRODUCT_NAME = "$(TARGET_NAME)";
				SWIFT_VERSION = 3.0;
				TARGETED_DEVICE_FAMILY = "1,2";
			};
			name = Debug;
		};
		AE8A1C7D1DB5B39200F6459E /* Release */ = {
			isa = XCBuildConfiguration;
			buildSettings = {
				ASSETCATALOG_COMPILER_APPICON_NAME = AppIcon;
				INFOPLIST_FILE = TextOutputTest/Info.plist;
				LD_RUNPATH_SEARCH_PATHS = "$(inherited) @executable_path/Frameworks";
				PRODUCT_BUNDLE_IDENTIFIER = J4.TextOutputTest;
				PRODUCT_NAME = "$(TARGET_NAME)";
				SWIFT_VERSION = 3.0;
				TARGETED_DEVICE_FAMILY = "1,2";
			};
			name = Release;
		};
		AE8A1C7F1DB5B39200F6459E /* Debug */ = {
			isa = XCBuildConfiguration;
			buildSettings = {
				ALWAYS_EMBED_SWIFT_STANDARD_LIBRARIES = YES;
				BUNDLE_LOADER = "$(TEST_HOST)";
				INFOPLIST_FILE = TextOutputTestTests/Info.plist;
				LD_RUNPATH_SEARCH_PATHS = "$(inherited) @executable_path/Frameworks @loader_path/Frameworks";
				PRODUCT_BUNDLE_IDENTIFIER = J4.TextOutputTestTests;
				PRODUCT_NAME = "$(TARGET_NAME)";
				SWIFT_VERSION = 3.0;
				TEST_HOST = "$(BUILT_PRODUCTS_DIR)/TextOutputTest.app/TextOutputTest";
			};
			name = Debug;
		};
		AE8A1C801DB5B39200F6459E /* Release */ = {
			isa = XCBuildConfiguration;
			buildSettings = {
				ALWAYS_EMBED_SWIFT_STANDARD_LIBRARIES = YES;
				BUNDLE_LOADER = "$(TEST_HOST)";
				INFOPLIST_FILE = TextOutputTestTests/Info.plist;
				LD_RUNPATH_SEARCH_PATHS = "$(inherited) @executable_path/Frameworks @loader_path/Frameworks";
				PRODUCT_BUNDLE_IDENTIFIER = J4.TextOutputTestTests;
				PRODUCT_NAME = "$(TARGET_NAME)";
				SWIFT_VERSION = 3.0;
				TEST_HOST = "$(BUILT_PRODUCTS_DIR)/TextOutputTest.app/TextOutputTest";
			};
			name = Release;
		};
		AE8A1C821DB5B39200F6459E /* Debug */ = {
			isa = XCBuildConfiguration;
			buildSettings = {
				ALWAYS_EMBED_SWIFT_STANDARD_LIBRARIES = YES;
				INFOPLIST_FILE = TextOutputTestUITests/Info.plist;
				LD_RUNPATH_SEARCH_PATHS = "$(inherited) @executable_path/Frameworks @loader_path/Frameworks";
				PRODUCT_BUNDLE_IDENTIFIER = J4.TextOutputTestUITests;
				PRODUCT_NAME = "$(TARGET_NAME)";
				SWIFT_VERSION = 3.0;
				TEST_TARGET_NAME = TextOutputTest;
			};
			name = Debug;
		};
		AE8A1C831DB5B39200F6459E /* Release */ = {
			isa = XCBuildConfiguration;
			buildSettings = {
				ALWAYS_EMBED_SWIFT_STANDARD_LIBRARIES = YES;
				INFOPLIST_FILE = TextOutputTestUITests/Info.plist;
				LD_RUNPATH_SEARCH_PATHS = "$(inherited) @executable_path/Frameworks @loader_path/Frameworks";
				PRODUCT_BUNDLE_IDENTIFIER = J4.TextOutputTestUITests;
				PRODUCT_NAME = "$(TARGET_NAME)";
				SWIFT_VERSION = 3.0;
				TEST_TARGET_NAME = TextOutputTest;
			};
			name = Release;
		};
/* End XCBuildConfiguration section */

/* Begin XCConfigurationList section */
		AE8A1C4E1DB5B39100F6459E /* Build configuration list for PBXProject "TextOutputTest" */ = {
			isa = XCConfigurationList;
			buildConfigurations = (
				AE8A1C791DB5B39200F6459E /* Debug */,
				AE8A1C7A1DB5B39200F6459E /* Release */,
			);
			defaultConfigurationIsVisible = 0;
			defaultConfigurationName = Release;
		};
		AE8A1C7B1DB5B39200F6459E /* Build configuration list for PBXNativeTarget "TextOutputTest" */ = {
			isa = XCConfigurationList;
			buildConfigurations = (
				AE8A1C7C1DB5B39200F6459E /* Debug */,
				AE8A1C7D1DB5B39200F6459E /* Release */,
			);
			defaultConfigurationIsVisible = 0;
			defaultConfigurationName = Release;
		};
		AE8A1C7E1DB5B39200F6459E /* Build configuration list for PBXNativeTarget "TextOutputTestTests" */ = {
			isa = XCConfigurationList;
			buildConfigurations = (
				AE8A1C7F1DB5B39200F6459E /* Debug */,
				AE8A1C801DB5B39200F6459E /* Release */,
			);
			defaultConfigurationIsVisible = 0;
			defaultConfigurationName = Release;
		};
		AE8A1C811DB5B39200F6459E /* Build configuration list for PBXNativeTarget "TextOutputTestUITests" */ = {
			isa = XCConfigurationList;
			buildConfigurations = (
				AE8A1C821DB5B39200F6459E /* Debug */,
				AE8A1C831DB5B39200F6459E /* Release */,
			);
			defaultConfigurationIsVisible = 0;
			defaultConfigurationName = Release;
		};
/* End XCConfigurationList section */
	};
	rootObject = AE8A1C4B1DB5B39100F6459E /* Project object */;
}
